// !$*UTF8*$!
{
	archiveVersion = 1;
	classes = {
	};
	objectVersion = 48;
	objects = {

/* Begin PBXBuildFile section */
		8EE3C6811FBB4D350027D562 /* AppDelegate.swift in Sources */ = {isa = PBXBuildFile; fileRef = 8EE3C6801FBB4D350027D562 /* AppDelegate.swift */; };
		8EE3C6831FBB4D350027D562 /* ViewController.swift in Sources */ = {isa = PBXBuildFile; fileRef = 8EE3C6821FBB4D350027D562 /* ViewController.swift */; };
		8EE3C6861FBB4D350027D562 /* Main.storyboard in Resources */ = {isa = PBXBuildFile; fileRef = 8EE3C6841FBB4D350027D562 /* Main.storyboard */; };
		8EE3C6891FBB4D350027D562 /* Duel.xcdatamodeld in Sources */ = {isa = PBXBuildFile; fileRef = 8EE3C6871FBB4D350027D562 /* Duel.xcdatamodeld */; };
		8EE3C68B1FBB4D350027D562 /* Assets.xcassets in Resources */ = {isa = PBXBuildFile; fileRef = 8EE3C68A1FBB4D350027D562 /* Assets.xcassets */; };
		8EE3C68E1FBB4D350027D562 /* LaunchScreen.storyboard in Resources */ = {isa = PBXBuildFile; fileRef = 8EE3C68C1FBB4D350027D562 /* LaunchScreen.storyboard */; };
		8EE3C6981FBB4E100027D562 /* CustomCollectionViewCell.swift in Sources */ = {isa = PBXBuildFile; fileRef = 8EE3C6971FBB4E100027D562 /* CustomCollectionViewCell.swift */; };
		8EE3C69C1FBBC0810027D562 /* Classes.swift in Sources */ = {isa = PBXBuildFile; fileRef = 8EE3C69B1FBBC0810027D562 /* Classes.swift */; };
/* End PBXBuildFile section */

/* Begin PBXFileReference section */
		8EE3C67D1FBB4D350027D562 /* Duel.app */ = {isa = PBXFileReference; explicitFileType = wrapper.application; includeInIndex = 0; path = Duel.app; sourceTree = BUILT_PRODUCTS_DIR; };
		8EE3C6801FBB4D350027D562 /* AppDelegate.swift */ = {isa = PBXFileReference; lastKnownFileType = sourcecode.swift; path = AppDelegate.swift; sourceTree = "<group>"; };
		8EE3C6821FBB4D350027D562 /* ViewController.swift */ = {isa = PBXFileReference; lastKnownFileType = sourcecode.swift; path = ViewController.swift; sourceTree = "<group>"; };
		8EE3C6851FBB4D350027D562 /* Base */ = {isa = PBXFileReference; lastKnownFileType = file.storyboard; name = Base; path = Base.lproj/Main.storyboard; sourceTree = "<group>"; };
		8EE3C6881FBB4D350027D562 /* Duel.xcdatamodel */ = {isa = PBXFileReference; lastKnownFileType = wrapper.xcdatamodel; path = Duel.xcdatamodel; sourceTree = "<group>"; };
		8EE3C68A1FBB4D350027D562 /* Assets.xcassets */ = {isa = PBXFileReference; lastKnownFileType = folder.assetcatalog; path = Assets.xcassets; sourceTree = "<group>"; };
		8EE3C68D1FBB4D350027D562 /* Base */ = {isa = PBXFileReference; lastKnownFileType = file.storyboard; name = Base; path = Base.lproj/LaunchScreen.storyboard; sourceTree = "<group>"; };
		8EE3C68F1FBB4D350027D562 /* Info.plist */ = {isa = PBXFileReference; lastKnownFileType = text.plist.xml; path = Info.plist; sourceTree = "<group>"; };
		8EE3C6971FBB4E100027D562 /* CustomCollectionViewCell.swift */ = {isa = PBXFileReference; lastKnownFileType = sourcecode.swift; path = CustomCollectionViewCell.swift; sourceTree = "<group>"; };
		8EE3C69B1FBBC0810027D562 /* Classes.swift */ = {isa = PBXFileReference; lastKnownFileType = sourcecode.swift; path = Classes.swift; sourceTree = "<group>"; };
/* End PBXFileReference section */

/* Begin PBXFrameworksBuildPhase section */
		8EE3C67A1FBB4D350027D562 /* Frameworks */ = {
			isa = PBXFrameworksBuildPhase;
			buildActionMask = 2147483647;
			files = (
			);
			runOnlyForDeploymentPostprocessing = 0;
		};
/* End PBXFrameworksBuildPhase section */

/* Begin PBXGroup section */
		8EE3C6741FBB4D350027D562 = {
			isa = PBXGroup;
			children = (
				8EE3C67F1FBB4D350027D562 /* Duel */,
				8EE3C67E1FBB4D350027D562 /* Products */,
			);
			sourceTree = "<group>";
		};
		8EE3C67E1FBB4D350027D562 /* Products */ = {
			isa = PBXGroup;
			children = (
				8EE3C67D1FBB4D350027D562 /* Duel.app */,
			);
			name = Products;
			sourceTree = "<group>";
		};
		8EE3C67F1FBB4D350027D562 /* Duel */ = {
			isa = PBXGroup;
			children = (
				8EE3C6801FBB4D350027D562 /* AppDelegate.swift */,
				8EE3C6821FBB4D350027D562 /* ViewController.swift */,
				8EE3C6841FBB4D350027D562 /* Main.storyboard */,
				8EE3C68A1FBB4D350027D562 /* Assets.xcassets */,
				8EE3C68C1FBB4D350027D562 /* LaunchScreen.storyboard */,
				8EE3C68F1FBB4D350027D562 /* Info.plist */,
				8EE3C6871FBB4D350027D562 /* Duel.xcdatamodeld */,
				8EE3C6971FBB4E100027D562 /* CustomCollectionViewCell.swift */,
				8EE3C69B1FBBC0810027D562 /* Classes.swift */,
			);
			path = Duel;
			sourceTree = "<group>";
		};
/* End PBXGroup section */

/* Begin PBXNativeTarget section */
		8EE3C67C1FBB4D350027D562 /* Duel */ = {
			isa = PBXNativeTarget;
			buildConfigurationList = 8EE3C6921FBB4D350027D562 /* Build configuration list for PBXNativeTarget "Duel" */;
			buildPhases = (
				8EE3C6791FBB4D350027D562 /* Sources */,
				8EE3C67A1FBB4D350027D562 /* Frameworks */,
				8EE3C67B1FBB4D350027D562 /* Resources */,
			);
			buildRules = (
			);
			dependencies = (
			);
			name = Duel;
			productName = Duel;
			productReference = 8EE3C67D1FBB4D350027D562 /* Duel.app */;
			productType = "com.apple.product-type.application";
		};
/* End PBXNativeTarget section */

/* Begin PBXProject section */
		8EE3C6751FBB4D350027D562 /* Project object */ = {
			isa = PBXProject;
			attributes = {
				LastSwiftUpdateCheck = 0900;
				LastUpgradeCheck = 0900;
				ORGANIZATIONNAME = "Joel Huggett";
				TargetAttributes = {
					8EE3C67C1FBB4D350027D562 = {
						CreatedOnToolsVersion = 9.0;
						ProvisioningStyle = Automatic;
					};
				};
			};
			buildConfigurationList = 8EE3C6781FBB4D350027D562 /* Build configuration list for PBXProject "Duel" */;
			compatibilityVersion = "Xcode 8.0";
			developmentRegion = en;
			hasScannedForEncodings = 0;
			knownRegions = (
				en,
				Base,
			);
			mainGroup = 8EE3C6741FBB4D350027D562;
			productRefGroup = 8EE3C67E1FBB4D350027D562 /* Products */;
			projectDirPath = "";
			projectRoot = "";
			targets = (
				8EE3C67C1FBB4D350027D562 /* Duel */,
			);
		};
/* End PBXProject section */

/* Begin PBXResourcesBuildPhase section */
		8EE3C67B1FBB4D350027D562 /* Resources */ = {
			isa = PBXResourcesBuildPhase;
			buildActionMask = 2147483647;
			files = (
				8EE3C68E1FBB4D350027D562 /* LaunchScreen.storyboard in Resources */,
				8EE3C68B1FBB4D350027D562 /* Assets.xcassets in Resources */,
				8EE3C6861FBB4D350027D562 /* Main.storyboard in Resources */,
			);
			runOnlyForDeploymentPostprocessing = 0;
		};
/* End PBXResourcesBuildPhase section */

/* Begin PBXSourcesBuildPhase section */
		8EE3C6791FBB4D350027D562 /* Sources */ = {
			isa = PBXSourcesBuildPhase;
			buildActionMask = 2147483647;
			files = (
				8EE3C6891FBB4D350027D562 /* Duel.xcdatamodeld in Sources */,
				8EE3C6831FBB4D350027D562 /* ViewController.swift in Sources */,
				8EE3C6811FBB4D350027D562 /* AppDelegate.swift in Sources */,
				8EE3C69C1FBBC0810027D562 /* Classes.swift in Sources */,
				8EE3C6981FBB4E100027D562 /* CustomCollectionViewCell.swift in Sources */,
			);
			runOnlyForDeploymentPostprocessing = 0;
		};
/* End PBXSourcesBuildPhase section */

/* Begin PBXVariantGroup section */
		8EE3C6841FBB4D350027D562 /* Main.storyboard */ = {
			isa = PBXVariantGroup;
			children = (
				8EE3C6851FBB4D350027D562 /* Base */,
			);
			name = Main.storyboard;
			sourceTree = "<group>";
		};
		8EE3C68C1FBB4D350027D562 /* LaunchScreen.storyboard */ = {
			isa = PBXVariantGroup;
			children = (
				8EE3C68D1FBB4D350027D562 /* Base */,
			);
			name = LaunchScreen.storyboard;
			sourceTree = "<group>";
		};
/* End PBXVariantGroup section */

/* Begin XCBuildConfiguration section */
		8EE3C6901FBB4D350027D562 /* Debug */ = {
			isa = XCBuildConfiguration;
			buildSettings = {
				ALWAYS_SEARCH_USER_PATHS = NO;
				CLANG_ANALYZER_NONNULL = YES;
				CLANG_ANALYZER_NUMBER_OBJECT_CONVERSION = YES_AGGRESSIVE;
				CLANG_CXX_LANGUAGE_STANDARD = "gnu++14";
				CLANG_CXX_LIBRARY = "libc++";
				CLANG_ENABLE_MODULES = YES;
				CLANG_ENABLE_OBJC_ARC = YES;
				CLANG_WARN_BLOCK_CAPTURE_AUTORELEASING = YES;
				CLANG_WARN_BOOL_CONVERSION = YES;
				CLANG_WARN_COMMA = YES;
				CLANG_WARN_CONSTANT_CONVERSION = YES;
				CLANG_WARN_DIRECT_OBJC_ISA_USAGE = YES_ERROR;
				CLANG_WARN_DOCUMENTATION_COMMENTS = YES;
				CLANG_WARN_EMPTY_BODY = YES;
				CLANG_WARN_ENUM_CONVERSION = YES;
				CLANG_WARN_INFINITE_RECURSION = YES;
				CLANG_WARN_INT_CONVERSION = YES;
				CLANG_WARN_NON_LITERAL_NULL_CONVERSION = YES;
				CLANG_WARN_OBJC_LITERAL_CONVERSION = YES;
				CLANG_WARN_OBJC_ROOT_CLASS = YES_ERROR;
				CLANG_WARN_RANGE_LOOP_ANALYSIS = YES;
				CLANG_WARN_STRICT_PROTOTYPES = YES;
				CLANG_WARN_SUSPICIOUS_MOVE = YES;
				CLANG_WARN_UNGUARDED_AVAILABILITY = YES_AGGRESSIVE;
				CLANG_WARN_UNREACHABLE_CODE = YES;
				CLANG_WARN__DUPLICATE_METHOD_MATCH = YES;
				CODE_SIGN_IDENTITY = "iPhone Developer";
				COPY_PHASE_STRIP = NO;
				DEBUG_INFORMATION_FORMAT = dwarf;
				ENABLE_STRICT_OBJC_MSGSEND = YES;
				ENABLE_TESTABILITY = YES;
				GCC_C_LANGUAGE_STANDARD = gnu11;
				GCC_DYNAMIC_NO_PIC = NO;
				GCC_NO_COMMON_BLOCKS = YES;
				GCC_OPTIMIZATION_LEVEL = 0;
				GCC_PREPROCESSOR_DEFINITIONS = (
					"DEBUG=1",
					"$(inherited)",
				);
				GCC_WARN_64_TO_32_BIT_CONVERSION = YES;
				GCC_WARN_ABOUT_RETURN_TYPE = YES_ERROR;
				GCC_WARN_UNDECLARED_SELECTOR = YES;
				GCC_WARN_UNINITIALIZED_AUTOS = YES_AGGRESSIVE;
				GCC_WARN_UNUSED_FUNCTION = YES;
				GCC_WARN_UNUSED_VARIABLE = YES;
				IPHONEOS_DEPLOYMENT_TARGET = 11.0;
				MTL_ENABLE_DEBUG_INFO = YES;
				ONLY_ACTIVE_ARCH = YES;
				SDKROOT = iphoneos;
				SWIFT_ACTIVE_COMPILATION_CONDITIONS = DEBUG;
				SWIFT_OPTIMIZATION_LEVEL = "-Onone";
			};
			name = Debug;
		};
		8EE3C6911FBB4D350027D562 /* Release */ = {
			isa = XCBuildConfiguration;
			buildSettings = {
				ALWAYS_SEARCH_USER_PATHS = NO;
				CLANG_ANALYZER_NONNULL = YES;
				CLANG_ANALYZER_NUMBER_OBJECT_CONVERSION = YES_AGGRESSIVE;
				CLANG_CXX_LANGUAGE_STANDARD = "gnu++14";
				CLANG_CXX_LIBRARY = "libc++";
				CLANG_ENABLE_MODULES = YES;
				CLANG_ENABLE_OBJC_ARC = YES;
				CLANG_WARN_BLOCK_CAPTURE_AUTORELEASING = YES;
				CLANG_WARN_BOOL_CONVERSION = YES;
				CLANG_WARN_COMMA = YES;
				CLANG_WARN_CONSTANT_CONVERSION = YES;
				CLANG_WARN_DIRECT_OBJC_ISA_USAGE = YES_ERROR;
				CLANG_WARN_DOCUMENTATION_COMMENTS = YES;
				CLANG_WARN_EMPTY_BODY = YES;
				CLANG_WARN_ENUM_CONVERSION = YES;
				CLANG_WARN_INFINITE_RECURSION = YES;
				CLANG_WARN_INT_CONVERSION = YES;
				CLANG_WARN_NON_LITERAL_NULL_CONVERSION = YES;
				CLANG_WARN_OBJC_LITERAL_CONVERSION = YES;
				CLANG_WARN_OBJC_ROOT_CLASS = YES_ERROR;
				CLANG_WARN_RANGE_LOOP_ANALYSIS = YES;
				CLANG_WARN_STRICT_PROTOTYPES = YES;
				CLANG_WARN_SUSPICIOUS_MOVE = YES;
				CLANG_WARN_UNGUARDED_AVAILABILITY = YES_AGGRESSIVE;
				CLANG_WARN_UNREACHABLE_CODE = YES;
				CLANG_WARN__DUPLICATE_METHOD_MATCH = YES;
				CODE_SIGN_IDENTITY = "iPhone Developer";
				COPY_PHASE_STRIP = NO;
				DEBUG_INFORMATION_FORMAT = "dwarf-with-dsym";
				ENABLE_NS_ASSERTIONS = NO;
				ENABLE_STRICT_OBJC_MSGSEND = YES;
				GCC_C_LANGUAGE_STANDARD = gnu11;
				GCC_NO_COMMON_BLOCKS = YES;
				GCC_WARN_64_TO_32_BIT_CONVERSION = YES;
				GCC_WARN_ABOUT_RETURN_TYPE = YES_ERROR;
				GCC_WARN_UNDECLARED_SELECTOR = YES;
				GCC_WARN_UNINITIALIZED_AUTOS = YES_AGGRESSIVE;
				GCC_WARN_UNUSED_FUNCTION = YES;
				GCC_WARN_UNUSED_VARIABLE = YES;
				IPHONEOS_DEPLOYMENT_TARGET = 11.0;
				MTL_ENABLE_DEBUG_INFO = NO;
				SDKROOT = iphoneos;
				SWIFT_OPTIMIZATION_LEVEL = "-Owholemodule";
				VALIDATE_PRODUCT = YES;
			};
			name = Release;
		};
		8EE3C6931FBB4D350027D562 /* Debug */ = {
			isa = XCBuildConfiguration;
			buildSettings = {
				ASSETCATALOG_COMPILER_APPICON_NAME = AppIcon;
				CODE_SIGN_STYLE = Automatic;
				DEVELOPMENT_TEAM = VQGGJMJDBA;
				INFOPLIST_FILE = Duel/Info.plist;
				LD_RUNPATH_SEARCH_PATHS = "$(inherited) @executable_path/Frameworks";
				PRODUCT_BUNDLE_IDENTIFIER = com.fnslabs.Duel;
				PRODUCT_NAME = "$(TARGET_NAME)";
				SWIFT_VERSION = 4.0;
				TARGETED_DEVICE_FAMILY = "1,2";
			};
			name = Debug;
		};
		8EE3C6941FBB4D350027D562 /* Release */ = {
			isa = XCBuildConfiguration;
			buildSettings = {
				ASSETCATALOG_COMPILER_APPICON_NAME = AppIcon;
				CODE_SIGN_STYLE = Automatic;
				DEVELOPMENT_TEAM = VQGGJMJDBA;
				INFOPLIST_FILE = Duel/Info.plist;
				LD_RUNPATH_SEARCH_PATHS = "$(inherited) @executable_path/Frameworks";
				PRODUCT_BUNDLE_IDENTIFIER = com.fnslabs.Duel;
				PRODUCT_NAME = "$(TARGET_NAME)";
				SWIFT_VERSION = 4.0;
				TARGETED_DEVICE_FAMILY = "1,2";
			};
			name = Release;
		};
/* End XCBuildConfiguration section */

/* Begin XCConfigurationList section */
		8EE3C6781FBB4D350027D562 /* Build configuration list for PBXProject "Duel" */ = {
			isa = XCConfigurationList;
			buildConfigurations = (
				8EE3C6901FBB4D350027D562 /* Debug */,
				8EE3C6911FBB4D350027D562 /* Release */,
			);
			defaultConfigurationIsVisible = 0;
			defaultConfigurationName = Release;
		};
		8EE3C6921FBB4D350027D562 /* Build configuration list for PBXNativeTarget "Duel" */ = {
			isa = XCConfigurationList;
			buildConfigurations = (
				8EE3C6931FBB4D350027D562 /* Debug */,
				8EE3C6941FBB4D350027D562 /* Release */,
			);
			defaultConfigurationIsVisible = 0;
			defaultConfigurationName = Release;
		};
/* End XCConfigurationList section */

/* Begin XCVersionGroup section */
		8EE3C6871FBB4D350027D562 /* Duel.xcdatamodeld */ = {
			isa = XCVersionGroup;
			children = (
				8EE3C6881FBB4D350027D562 /* Duel.xcdatamodel */,
			);
			currentVersion = 8EE3C6881FBB4D350027D562 /* Duel.xcdatamodel */;
			path = Duel.xcdatamodeld;
			sourceTree = "<group>";
			versionGroupType = wrapper.xcdatamodel;
		};
/* End XCVersionGroup section */
	};
	rootObject = 8EE3C6751FBB4D350027D562 /* Project object */;
}
